// !$*UTF8*$!
{
	archiveVersion = 1;
	classes = {
	};
	objectVersion = 48;
	objects = {

/* Begin PBXBuildFile section */
		353571541F80A449002C8EBB /* AppDelegate.swift in Sources */ = {isa = PBXBuildFile; fileRef = 353571531F80A449002C8EBB /* AppDelegate.swift */; };
		353571561F80A449002C8EBB /* ViewController.swift in Sources */ = {isa = PBXBuildFile; fileRef = 353571551F80A449002C8EBB /* ViewController.swift */; };
		353571591F80A449002C8EBB /* Main.storyboard in Resources */ = {isa = PBXBuildFile; fileRef = 353571571F80A449002C8EBB /* Main.storyboard */; };
		3535715B1F80A449002C8EBB /* Assets.xcassets in Resources */ = {isa = PBXBuildFile; fileRef = 3535715A1F80A449002C8EBB /* Assets.xcassets */; };
		3535715E1F80A449002C8EBB /* LaunchScreen.storyboard in Resources */ = {isa = PBXBuildFile; fileRef = 3535715C1F80A449002C8EBB /* LaunchScreen.storyboard */; };
		353571661F80A78A002C8EBB /* RatingControl.swift in Sources */ = {isa = PBXBuildFile; fileRef = 353571651F80A78A002C8EBB /* RatingControl.swift */; };
/* End PBXBuildFile section */

/* Begin PBXFileReference section */
		353571501F80A449002C8EBB /* RatingBar.app */ = {isa = PBXFileReference; explicitFileType = wrapper.application; includeInIndex = 0; path = RatingBar.app; sourceTree = BUILT_PRODUCTS_DIR; };
		353571531F80A449002C8EBB /* AppDelegate.swift */ = {isa = PBXFileReference; lastKnownFileType = sourcecode.swift; path = AppDelegate.swift; sourceTree = "<group>"; };
		353571551F80A449002C8EBB /* ViewController.swift */ = {isa = PBXFileReference; lastKnownFileType = sourcecode.swift; path = ViewController.swift; sourceTree = "<group>"; };
		353571581F80A449002C8EBB /* Base */ = {isa = PBXFileReference; lastKnownFileType = file.storyboard; name = Base; path = Base.lproj/Main.storyboard; sourceTree = "<group>"; };
		3535715A1F80A449002C8EBB /* Assets.xcassets */ = {isa = PBXFileReference; lastKnownFileType = folder.assetcatalog; path = Assets.xcassets; sourceTree = "<group>"; };
		3535715D1F80A449002C8EBB /* Base */ = {isa = PBXFileReference; lastKnownFileType = file.storyboard; name = Base; path = Base.lproj/LaunchScreen.storyboard; sourceTree = "<group>"; };
		3535715F1F80A449002C8EBB /* Info.plist */ = {isa = PBXFileReference; lastKnownFileType = text.plist.xml; path = Info.plist; sourceTree = "<group>"; };
		353571651F80A78A002C8EBB /* RatingControl.swift */ = {isa = PBXFileReference; lastKnownFileType = sourcecode.swift; path = RatingControl.swift; sourceTree = "<group>"; };
/* End PBXFileReference section */

/* Begin PBXFrameworksBuildPhase section */
		3535714D1F80A448002C8EBB /* Frameworks */ = {
			isa = PBXFrameworksBuildPhase;
			buildActionMask = 2147483647;
			files = (
			);
			runOnlyForDeploymentPostprocessing = 0;
		};
/* End PBXFrameworksBuildPhase section */

/* Begin PBXGroup section */
		353571471F80A448002C8EBB = {
			isa = PBXGroup;
			children = (
				353571521F80A449002C8EBB /* RatingBar */,
				353571511F80A449002C8EBB /* Products */,
			);
			sourceTree = "<group>";
		};
		353571511F80A449002C8EBB /* Products */ = {
			isa = PBXGroup;
			children = (
				353571501F80A449002C8EBB /* RatingBar.app */,
			);
			name = Products;
			sourceTree = "<group>";
		};
		353571521F80A449002C8EBB /* RatingBar */ = {
			isa = PBXGroup;
			children = (
				353571531F80A449002C8EBB /* AppDelegate.swift */,
				353571551F80A449002C8EBB /* ViewController.swift */,
				353571571F80A449002C8EBB /* Main.storyboard */,
				3535715A1F80A449002C8EBB /* Assets.xcassets */,
				3535715C1F80A449002C8EBB /* LaunchScreen.storyboard */,
				3535715F1F80A449002C8EBB /* Info.plist */,
				353571651F80A78A002C8EBB /* RatingControl.swift */,
			);
			path = RatingBar;
			sourceTree = "<group>";
		};
/* End PBXGroup section */

/* Begin PBXNativeTarget section */
		3535714F1F80A448002C8EBB /* RatingBar */ = {
			isa = PBXNativeTarget;
			buildConfigurationList = 353571621F80A449002C8EBB /* Build configuration list for PBXNativeTarget "RatingBar" */;
			buildPhases = (
				3535714C1F80A448002C8EBB /* Sources */,
				3535714D1F80A448002C8EBB /* Frameworks */,
				3535714E1F80A448002C8EBB /* Resources */,
			);
			buildRules = (
			);
			dependencies = (
			);
			name = RatingBar;
			productName = RatingBar;
			productReference = 353571501F80A449002C8EBB /* RatingBar.app */;
			productType = "com.apple.product-type.application";
		};
/* End PBXNativeTarget section */

/* Begin PBXProject section */
		353571481F80A448002C8EBB /* Project object */ = {
			isa = PBXProject;
			attributes = {
				LastSwiftUpdateCheck = 0900;
				LastUpgradeCheck = 0900;
				ORGANIZATIONNAME = CowCow;
				TargetAttributes = {
					3535714F1F80A448002C8EBB = {
						CreatedOnToolsVersion = 9.0;
						ProvisioningStyle = Automatic;
					};
				};
			};
			buildConfigurationList = 3535714B1F80A448002C8EBB /* Build configuration list for PBXProject "RatingBar" */;
			compatibilityVersion = "Xcode 8.0";
			developmentRegion = en;
			hasScannedForEncodings = 0;
			knownRegions = (
				en,
				Base,
			);
			mainGroup = 353571471F80A448002C8EBB;
			productRefGroup = 353571511F80A449002C8EBB /* Products */;
			projectDirPath = "";
			projectRoot = "";
			targets = (
				3535714F1F80A448002C8EBB /* RatingBar */,
			);
		};
/* End PBXProject section */

/* Begin PBXResourcesBuildPhase section */
		3535714E1F80A448002C8EBB /* Resources */ = {
			isa = PBXResourcesBuildPhase;
			buildActionMask = 2147483647;
			files = (
				3535715E1F80A449002C8EBB /* LaunchScreen.storyboard in Resources */,
				3535715B1F80A449002C8EBB /* Assets.xcassets in Resources */,
				353571591F80A449002C8EBB /* Main.storyboard in Resources */,
			);
			runOnlyForDeploymentPostprocessing = 0;
		};
/* End PBXResourcesBuildPhase section */

/* Begin PBXSourcesBuildPhase section */
		3535714C1F80A448002C8EBB /* Sources */ = {
			isa = PBXSourcesBuildPhase;
			buildActionMask = 2147483647;
			files = (
				353571561F80A449002C8EBB /* ViewController.swift in Sources */,
				353571661F80A78A002C8EBB /* RatingControl.swift in Sources */,
				353571541F80A449002C8EBB /* AppDelegate.swift in Sources */,
			);
			runOnlyForDeploymentPostprocessing = 0;
		};
/* End PBXSourcesBuildPhase section */

/* Begin PBXVariantGroup section */
		353571571F80A449002C8EBB /* Main.storyboard */ = {
			isa = PBXVariantGroup;
			children = (
				353571581F80A449002C8EBB /* Base */,
			);
			name = Main.storyboard;
			sourceTree = "<group>";
		};
		3535715C1F80A449002C8EBB /* LaunchScreen.storyboard */ = {
			isa = PBXVariantGroup;
			children = (
				3535715D1F80A449002C8EBB /* Base */,
			);
			name = LaunchScreen.storyboard;
			sourceTree = "<group>";
		};
/* End PBXVariantGroup section */

/* Begin XCBuildConfiguration section */
		353571601F80A449002C8EBB /* Debug */ = {
			isa = XCBuildConfiguration;
			buildSettings = {
				ALWAYS_SEARCH_USER_PATHS = NO;
				CLANG_ANALYZER_NONNULL = YES;
				CLANG_ANALYZER_NUMBER_OBJECT_CONVERSION = YES_AGGRESSIVE;
				CLANG_CXX_LANGUAGE_STANDARD = "gnu++14";
				CLANG_CXX_LIBRARY = "libc++";
				CLANG_ENABLE_MODULES = YES;
				CLANG_ENABLE_OBJC_ARC = YES;
				CLANG_WARN_BLOCK_CAPTURE_AUTORELEASING = YES;
				CLANG_WARN_BOOL_CONVERSION = YES;
				CLANG_WARN_COMMA = YES;
				CLANG_WARN_CONSTANT_CONVERSION = YES;
				CLANG_WARN_DIRECT_OBJC_ISA_USAGE = YES_ERROR;
				CLANG_WARN_DOCUMENTATION_COMMENTS = YES;
				CLANG_WARN_EMPTY_BODY = YES;
				CLANG_WARN_ENUM_CONVERSION = YES;
				CLANG_WARN_INFINITE_RECURSION = YES;
				CLANG_WARN_INT_CONVERSION = YES;
				CLANG_WARN_NON_LITERAL_NULL_CONVERSION = YES;
				CLANG_WARN_OBJC_LITERAL_CONVERSION = YES;
				CLANG_WARN_OBJC_ROOT_CLASS = YES_ERROR;
				CLANG_WARN_RANGE_LOOP_ANALYSIS = YES;
				CLANG_WARN_STRICT_PROTOTYPES = YES;
				CLANG_WARN_SUSPICIOUS_MOVE = YES;
				CLANG_WARN_UNGUARDED_AVAILABILITY = YES_AGGRESSIVE;
				CLANG_WARN_UNREACHABLE_CODE = YES;
				CLANG_WARN__DUPLICATE_METHOD_MATCH = YES;
				CODE_SIGN_IDENTITY = "iPhone Developer";
				COPY_PHASE_STRIP = NO;
				DEBUG_INFORMATION_FORMAT = dwarf;
				ENABLE_STRICT_OBJC_MSGSEND = YES;
				ENABLE_TESTABILITY = YES;
				GCC_C_LANGUAGE_STANDARD = gnu11;
				GCC_DYNAMIC_NO_PIC = NO;
				GCC_NO_COMMON_BLOCKS = YES;
				GCC_OPTIMIZATION_LEVEL = 0;
				GCC_PREPROCESSOR_DEFINITIONS = (
					"DEBUG=1",
					"$(inherited)",
				);
				GCC_WARN_64_TO_32_BIT_CONVERSION = YES;
				GCC_WARN_ABOUT_RETURN_TYPE = YES_ERROR;
				GCC_WARN_UNDECLARED_SELECTOR = YES;
				GCC_WARN_UNINITIALIZED_AUTOS = YES_AGGRESSIVE;
				GCC_WARN_UNUSED_FUNCTION = YES;
				GCC_WARN_UNUSED_VARIABLE = YES;
				IPHONEOS_DEPLOYMENT_TARGET = 11.0;
				MTL_ENABLE_DEBUG_INFO = YES;
				ONLY_ACTIVE_ARCH = YES;
				SDKROOT = iphoneos;
				SWIFT_ACTIVE_COMPILATION_CONDITIONS = DEBUG;
				SWIFT_OPTIMIZATION_LEVEL = "-Onone";
			};
			name = Debug;
		};
		353571611F80A449002C8EBB /* Release */ = {
			isa = XCBuildConfiguration;
			buildSettings = {
				ALWAYS_SEARCH_USER_PATHS = NO;
				CLANG_ANALYZER_NONNULL = YES;
				CLANG_ANALYZER_NUMBER_OBJECT_CONVERSION = YES_AGGRESSIVE;
				CLANG_CXX_LANGUAGE_STANDARD = "gnu++14";
				CLANG_CXX_LIBRARY = "libc++";
				CLANG_ENABLE_MODULES = YES;
				CLANG_ENABLE_OBJC_ARC = YES;
				CLANG_WARN_BLOCK_CAPTURE_AUTORELEASING = YES;
				CLANG_WARN_BOOL_CONVERSION = YES;
				CLANG_WARN_COMMA = YES;
				CLANG_WARN_CONSTANT_CONVERSION = YES;
				CLANG_WARN_DIRECT_OBJC_ISA_USAGE = YES_ERROR;
				CLANG_WARN_DOCUMENTATION_COMMENTS = YES;
				CLANG_WARN_EMPTY_BODY = YES;
				CLANG_WARN_ENUM_CONVERSION = YES;
				CLANG_WARN_INFINITE_RECURSION = YES;
				CLANG_WARN_INT_CONVERSION = YES;
				CLANG_WARN_NON_LITERAL_NULL_CONVERSION = YES;
				CLANG_WARN_OBJC_LITERAL_CONVERSION = YES;
				CLANG_WARN_OBJC_ROOT_CLASS = YES_ERROR;
				CLANG_WARN_RANGE_LOOP_ANALYSIS = YES;
				CLANG_WARN_STRICT_PROTOTYPES = YES;
				CLANG_WARN_SUSPICIOUS_MOVE = YES;
				CLANG_WARN_UNGUARDED_AVAILABILITY = YES_AGGRESSIVE;
				CLANG_WARN_UNREACHABLE_CODE = YES;
				CLANG_WARN__DUPLICATE_METHOD_MATCH = YES;
				CODE_SIGN_IDENTITY = "iPhone Developer";
				COPY_PHASE_STRIP = NO;
				DEBUG_INFORMATION_FORMAT = "dwarf-with-dsym";
				ENABLE_NS_ASSERTIONS = NO;
				ENABLE_STRICT_OBJC_MSGSEND = YES;
				GCC_C_LANGUAGE_STANDARD = gnu11;
				GCC_NO_COMMON_BLOCKS = YES;
				GCC_WARN_64_TO_32_BIT_CONVERSION = YES;
				GCC_WARN_ABOUT_RETURN_TYPE = YES_ERROR;
				GCC_WARN_UNDECLARED_SELECTOR = YES;
				GCC_WARN_UNINITIALIZED_AUTOS = YES_AGGRESSIVE;
				GCC_WARN_UNUSED_FUNCTION = YES;
				GCC_WARN_UNUSED_VARIABLE = YES;
				IPHONEOS_DEPLOYMENT_TARGET = 11.0;
				MTL_ENABLE_DEBUG_INFO = NO;
				SDKROOT = iphoneos;
				SWIFT_OPTIMIZATION_LEVEL = "-Owholemodule";
				VALIDATE_PRODUCT = YES;
			};
			name = Release;
		};
		353571631F80A449002C8EBB /* Debug */ = {
			isa = XCBuildConfiguration;
			buildSettings = {
				ASSETCATALOG_COMPILER_APPICON_NAME = AppIcon;
				CODE_SIGN_STYLE = Automatic;
				DEVELOPMENT_TEAM = 82RMH3R82L;
				INFOPLIST_FILE = RatingBar/Info.plist;
				LD_RUNPATH_SEARCH_PATHS = "$(inherited) @executable_path/Frameworks";
				PRODUCT_BUNDLE_IDENTIFIER = com.Cow.Cow.RatingBar;
				PRODUCT_NAME = "$(TARGET_NAME)";
				SWIFT_VERSION = 4.0;
				TARGETED_DEVICE_FAMILY = "1,2";
			};
			name = Debug;
		};
		353571641F80A449002C8EBB /* Release */ = {
			isa = XCBuildConfiguration;
			buildSettings = {
				ASSETCATALOG_COMPILER_APPICON_NAME = AppIcon;
				CODE_SIGN_STYLE = Automatic;
				DEVELOPMENT_TEAM = 82RMH3R82L;
				INFOPLIST_FILE = RatingBar/Info.plist;
				LD_RUNPATH_SEARCH_PATHS = "$(inherited) @executable_path/Frameworks";
				PRODUCT_BUNDLE_IDENTIFIER = com.Cow.Cow.RatingBar;
				PRODUCT_NAME = "$(TARGET_NAME)";
				SWIFT_VERSION = 4.0;
				TARGETED_DEVICE_FAMILY = "1,2";
			};
			name = Release;
		};
/* End XCBuildConfiguration section */

/* Begin XCConfigurationList section */
		3535714B1F80A448002C8EBB /* Build configuration list for PBXProject "RatingBar" */ = {
			isa = XCConfigurationList;
			buildConfigurations = (
				353571601F80A449002C8EBB /* Debug */,
				353571611F80A449002C8EBB /* Release */,
			);
			defaultConfigurationIsVisible = 0;
			defaultConfigurationName = Release;
		};
		353571621F80A449002C8EBB /* Build configuration list for PBXNativeTarget "RatingBar" */ = {
			isa = XCConfigurationList;
			buildConfigurations = (
				353571631F80A449002C8EBB /* Debug */,
				353571641F80A449002C8EBB /* Release */,
			);
			defaultConfigurationIsVisible = 0;
			defaultConfigurationName = Release;
		};
/* End XCConfigurationList section */
	};
	rootObject = 353571481F80A448002C8EBB /* Project object */;
}
