// !$*UTF8*$!
{
	archiveVersion = 1;
	classes = {
	};
	objectVersion = 50;
	objects = {

/* Begin PBXBuildFile section */
		60F9E17E20F8741900E9F762 /* AppDelegate.swift in Sources */ = {isa = PBXBuildFile; fileRef = 60F9E17D20F8741900E9F762 /* AppDelegate.swift */; };
		60F9E18320F8741900E9F762 /* Main.storyboard in Resources */ = {isa = PBXBuildFile; fileRef = 60F9E18120F8741900E9F762 /* Main.storyboard */; };
		60F9E18520F8741A00E9F762 /* Assets.xcassets in Resources */ = {isa = PBXBuildFile; fileRef = 60F9E18420F8741A00E9F762 /* Assets.xcassets */; };
		60F9E18820F8741A00E9F762 /* LaunchScreen.storyboard in Resources */ = {isa = PBXBuildFile; fileRef = 60F9E18620F8741A00E9F762 /* LaunchScreen.storyboard */; };
		60F9E19020F874C000E9F762 /* PageItemViewController.swift in Sources */ = {isa = PBXBuildFile; fileRef = 60F9E18F20F874C000E9F762 /* PageItemViewController.swift */; };
		60F9E19220F875E200E9F762 /* PageViewController.swift in Sources */ = {isa = PBXBuildFile; fileRef = 60F9E19120F875E200E9F762 /* PageViewController.swift */; };
/* End PBXBuildFile section */

/* Begin PBXFileReference section */
		60F9E17A20F8741900E9F762 /* TYSliderView.app */ = {isa = PBXFileReference; explicitFileType = wrapper.application; includeInIndex = 0; path = TYSliderView.app; sourceTree = BUILT_PRODUCTS_DIR; };
		60F9E17D20F8741900E9F762 /* AppDelegate.swift */ = {isa = PBXFileReference; lastKnownFileType = sourcecode.swift; path = AppDelegate.swift; sourceTree = "<group>"; };
		60F9E18220F8741900E9F762 /* Base */ = {isa = PBXFileReference; lastKnownFileType = file.storyboard; name = Base; path = Base.lproj/Main.storyboard; sourceTree = "<group>"; };
		60F9E18420F8741A00E9F762 /* Assets.xcassets */ = {isa = PBXFileReference; lastKnownFileType = folder.assetcatalog; path = Assets.xcassets; sourceTree = "<group>"; };
		60F9E18720F8741A00E9F762 /* Base */ = {isa = PBXFileReference; lastKnownFileType = file.storyboard; name = Base; path = Base.lproj/LaunchScreen.storyboard; sourceTree = "<group>"; };
		60F9E18920F8741A00E9F762 /* Info.plist */ = {isa = PBXFileReference; lastKnownFileType = text.plist.xml; path = Info.plist; sourceTree = "<group>"; };
		60F9E18F20F874C000E9F762 /* PageItemViewController.swift */ = {isa = PBXFileReference; lastKnownFileType = sourcecode.swift; path = PageItemViewController.swift; sourceTree = "<group>"; };
		60F9E19120F875E200E9F762 /* PageViewController.swift */ = {isa = PBXFileReference; lastKnownFileType = sourcecode.swift; path = PageViewController.swift; sourceTree = "<group>"; };
/* End PBXFileReference section */

/* Begin PBXFrameworksBuildPhase section */
		60F9E17720F8741900E9F762 /* Frameworks */ = {
			isa = PBXFrameworksBuildPhase;
			buildActionMask = 2147483647;
			files = (
			);
			runOnlyForDeploymentPostprocessing = 0;
		};
/* End PBXFrameworksBuildPhase section */

/* Begin PBXGroup section */
		60F9E17120F8741900E9F762 = {
			isa = PBXGroup;
			children = (
				60F9E17C20F8741900E9F762 /* TYSliderView */,
				60F9E17B20F8741900E9F762 /* Products */,
			);
			sourceTree = "<group>";
		};
		60F9E17B20F8741900E9F762 /* Products */ = {
			isa = PBXGroup;
			children = (
				60F9E17A20F8741900E9F762 /* TYSliderView.app */,
			);
			name = Products;
			sourceTree = "<group>";
		};
		60F9E17C20F8741900E9F762 /* TYSliderView */ = {
			isa = PBXGroup;
			children = (
				60F9E17D20F8741900E9F762 /* AppDelegate.swift */,
				60F9E18120F8741900E9F762 /* Main.storyboard */,
				60F9E18420F8741A00E9F762 /* Assets.xcassets */,
				60F9E18620F8741A00E9F762 /* LaunchScreen.storyboard */,
				60F9E18920F8741A00E9F762 /* Info.plist */,
				60F9E18F20F874C000E9F762 /* PageItemViewController.swift */,
				60F9E19120F875E200E9F762 /* PageViewController.swift */,
			);
			path = TYSliderView;
			sourceTree = "<group>";
		};
/* End PBXGroup section */

/* Begin PBXNativeTarget section */
		60F9E17920F8741900E9F762 /* TYSliderView */ = {
			isa = PBXNativeTarget;
			buildConfigurationList = 60F9E18C20F8741A00E9F762 /* Build configuration list for PBXNativeTarget "TYSliderView" */;
			buildPhases = (
				60F9E17620F8741900E9F762 /* Sources */,
				60F9E17720F8741900E9F762 /* Frameworks */,
				60F9E17820F8741900E9F762 /* Resources */,
			);
			buildRules = (
			);
			dependencies = (
			);
			name = TYSliderView;
			productName = TYSliderView;
			productReference = 60F9E17A20F8741900E9F762 /* TYSliderView.app */;
			productType = "com.apple.product-type.application";
		};
/* End PBXNativeTarget section */

/* Begin PBXProject section */
		60F9E17220F8741900E9F762 /* Project object */ = {
			isa = PBXProject;
			attributes = {
				LastSwiftUpdateCheck = 0940;
				LastUpgradeCheck = 0940;
				ORGANIZATIONNAME = "Weichen Cheng_鄭惟臣";
				TargetAttributes = {
					60F9E17920F8741900E9F762 = {
						CreatedOnToolsVersion = 9.4.1;
					};
				};
			};
			buildConfigurationList = 60F9E17520F8741900E9F762 /* Build configuration list for PBXProject "TYSliderView" */;
			compatibilityVersion = "Xcode 9.3";
			developmentRegion = en;
			hasScannedForEncodings = 0;
			knownRegions = (
				en,
				Base,
			);
			mainGroup = 60F9E17120F8741900E9F762;
			productRefGroup = 60F9E17B20F8741900E9F762 /* Products */;
			projectDirPath = "";
			projectRoot = "";
			targets = (
				60F9E17920F8741900E9F762 /* TYSliderView */,
			);
		};
/* End PBXProject section */

/* Begin PBXResourcesBuildPhase section */
		60F9E17820F8741900E9F762 /* Resources */ = {
			isa = PBXResourcesBuildPhase;
			buildActionMask = 2147483647;
			files = (
				60F9E18820F8741A00E9F762 /* LaunchScreen.storyboard in Resources */,
				60F9E18520F8741A00E9F762 /* Assets.xcassets in Resources */,
				60F9E18320F8741900E9F762 /* Main.storyboard in Resources */,
			);
			runOnlyForDeploymentPostprocessing = 0;
		};
/* End PBXResourcesBuildPhase section */

/* Begin PBXSourcesBuildPhase section */
		60F9E17620F8741900E9F762 /* Sources */ = {
			isa = PBXSourcesBuildPhase;
			buildActionMask = 2147483647;
			files = (
				60F9E19020F874C000E9F762 /* PageItemViewController.swift in Sources */,
				60F9E17E20F8741900E9F762 /* AppDelegate.swift in Sources */,
				60F9E19220F875E200E9F762 /* PageViewController.swift in Sources */,
			);
			runOnlyForDeploymentPostprocessing = 0;
		};
/* End PBXSourcesBuildPhase section */

/* Begin PBXVariantGroup section */
		60F9E18120F8741900E9F762 /* Main.storyboard */ = {
			isa = PBXVariantGroup;
			children = (
				60F9E18220F8741900E9F762 /* Base */,
			);
			name = Main.storyboard;
			sourceTree = "<group>";
		};
		60F9E18620F8741A00E9F762 /* LaunchScreen.storyboard */ = {
			isa = PBXVariantGroup;
			children = (
				60F9E18720F8741A00E9F762 /* Base */,
			);
			name = LaunchScreen.storyboard;
			sourceTree = "<group>";
		};
/* End PBXVariantGroup section */

/* Begin XCBuildConfiguration section */
		60F9E18A20F8741A00E9F762 /* Debug */ = {
			isa = XCBuildConfiguration;
			buildSettings = {
				ALWAYS_SEARCH_USER_PATHS = NO;
				CLANG_ANALYZER_NONNULL = YES;
				CLANG_ANALYZER_NUMBER_OBJECT_CONVERSION = YES_AGGRESSIVE;
				CLANG_CXX_LANGUAGE_STANDARD = "gnu++14";
				CLANG_CXX_LIBRARY = "libc++";
				CLANG_ENABLE_MODULES = YES;
				CLANG_ENABLE_OBJC_ARC = YES;
				CLANG_ENABLE_OBJC_WEAK = YES;
				CLANG_WARN_BLOCK_CAPTURE_AUTORELEASING = YES;
				CLANG_WARN_BOOL_CONVERSION = YES;
				CLANG_WARN_COMMA = YES;
				CLANG_WARN_CONSTANT_CONVERSION = YES;
				CLANG_WARN_DEPRECATED_OBJC_IMPLEMENTATIONS = YES;
				CLANG_WARN_DIRECT_OBJC_ISA_USAGE = YES_ERROR;
				CLANG_WARN_DOCUMENTATION_COMMENTS = YES;
				CLANG_WARN_EMPTY_BODY = YES;
				CLANG_WARN_ENUM_CONVERSION = YES;
				CLANG_WARN_INFINITE_RECURSION = YES;
				CLANG_WARN_INT_CONVERSION = YES;
				CLANG_WARN_NON_LITERAL_NULL_CONVERSION = YES;
				CLANG_WARN_OBJC_IMPLICIT_RETAIN_SELF = YES;
				CLANG_WARN_OBJC_LITERAL_CONVERSION = YES;
				CLANG_WARN_OBJC_ROOT_CLASS = YES_ERROR;
				CLANG_WARN_RANGE_LOOP_ANALYSIS = YES;
				CLANG_WARN_STRICT_PROTOTYPES = YES;
				CLANG_WARN_SUSPICIOUS_MOVE = YES;
				CLANG_WARN_UNGUARDED_AVAILABILITY = YES_AGGRESSIVE;
				CLANG_WARN_UNREACHABLE_CODE = YES;
				CLANG_WARN__DUPLICATE_METHOD_MATCH = YES;
				CODE_SIGN_IDENTITY = "iPhone Developer";
				COPY_PHASE_STRIP = NO;
				DEBUG_INFORMATION_FORMAT = dwarf;
				ENABLE_STRICT_OBJC_MSGSEND = YES;
				ENABLE_TESTABILITY = YES;
				GCC_C_LANGUAGE_STANDARD = gnu11;
				GCC_DYNAMIC_NO_PIC = NO;
				GCC_NO_COMMON_BLOCKS = YES;
				GCC_OPTIMIZATION_LEVEL = 0;
				GCC_PREPROCESSOR_DEFINITIONS = (
					"DEBUG=1",
					"$(inherited)",
				);
				GCC_WARN_64_TO_32_BIT_CONVERSION = YES;
				GCC_WARN_ABOUT_RETURN_TYPE = YES_ERROR;
				GCC_WARN_UNDECLARED_SELECTOR = YES;
				GCC_WARN_UNINITIALIZED_AUTOS = YES_AGGRESSIVE;
				GCC_WARN_UNUSED_FUNCTION = YES;
				GCC_WARN_UNUSED_VARIABLE = YES;
				IPHONEOS_DEPLOYMENT_TARGET = 11.4;
				MTL_ENABLE_DEBUG_INFO = YES;
				ONLY_ACTIVE_ARCH = YES;
				SDKROOT = iphoneos;
				SWIFT_ACTIVE_COMPILATION_CONDITIONS = DEBUG;
				SWIFT_OPTIMIZATION_LEVEL = "-Onone";
			};
			name = Debug;
		};
		60F9E18B20F8741A00E9F762 /* Release */ = {
			isa = XCBuildConfiguration;
			buildSettings = {
				ALWAYS_SEARCH_USER_PATHS = NO;
				CLANG_ANALYZER_NONNULL = YES;
				CLANG_ANALYZER_NUMBER_OBJECT_CONVERSION = YES_AGGRESSIVE;
				CLANG_CXX_LANGUAGE_STANDARD = "gnu++14";
				CLANG_CXX_LIBRARY = "libc++";
				CLANG_ENABLE_MODULES = YES;
				CLANG_ENABLE_OBJC_ARC = YES;
				CLANG_ENABLE_OBJC_WEAK = YES;
				CLANG_WARN_BLOCK_CAPTURE_AUTORELEASING = YES;
				CLANG_WARN_BOOL_CONVERSION = YES;
				CLANG_WARN_COMMA = YES;
				CLANG_WARN_CONSTANT_CONVERSION = YES;
				CLANG_WARN_DEPRECATED_OBJC_IMPLEMENTATIONS = YES;
				CLANG_WARN_DIRECT_OBJC_ISA_USAGE = YES_ERROR;
				CLANG_WARN_DOCUMENTATION_COMMENTS = YES;
				CLANG_WARN_EMPTY_BODY = YES;
				CLANG_WARN_ENUM_CONVERSION = YES;
				CLANG_WARN_INFINITE_RECURSION = YES;
				CLANG_WARN_INT_CONVERSION = YES;
				CLANG_WARN_NON_LITERAL_NULL_CONVERSION = YES;
				CLANG_WARN_OBJC_IMPLICIT_RETAIN_SELF = YES;
				CLANG_WARN_OBJC_LITERAL_CONVERSION = YES;
				CLANG_WARN_OBJC_ROOT_CLASS = YES_ERROR;
				CLANG_WARN_RANGE_LOOP_ANALYSIS = YES;
				CLANG_WARN_STRICT_PROTOTYPES = YES;
				CLANG_WARN_SUSPICIOUS_MOVE = YES;
				CLANG_WARN_UNGUARDED_AVAILABILITY = YES_AGGRESSIVE;
				CLANG_WARN_UNREACHABLE_CODE = YES;
				CLANG_WARN__DUPLICATE_METHOD_MATCH = YES;
				CODE_SIGN_IDENTITY = "iPhone Developer";
				COPY_PHASE_STRIP = NO;
				DEBUG_INFORMATION_FORMAT = "dwarf-with-dsym";
				ENABLE_NS_ASSERTIONS = NO;
				ENABLE_STRICT_OBJC_MSGSEND = YES;
				GCC_C_LANGUAGE_STANDARD = gnu11;
				GCC_NO_COMMON_BLOCKS = YES;
				GCC_WARN_64_TO_32_BIT_CONVERSION = YES;
				GCC_WARN_ABOUT_RETURN_TYPE = YES_ERROR;
				GCC_WARN_UNDECLARED_SELECTOR = YES;
				GCC_WARN_UNINITIALIZED_AUTOS = YES_AGGRESSIVE;
				GCC_WARN_UNUSED_FUNCTION = YES;
				GCC_WARN_UNUSED_VARIABLE = YES;
				IPHONEOS_DEPLOYMENT_TARGET = 11.4;
				MTL_ENABLE_DEBUG_INFO = NO;
				SDKROOT = iphoneos;
				SWIFT_COMPILATION_MODE = wholemodule;
				SWIFT_OPTIMIZATION_LEVEL = "-O";
				VALIDATE_PRODUCT = YES;
			};
			name = Release;
		};
		60F9E18D20F8741A00E9F762 /* Debug */ = {
			isa = XCBuildConfiguration;
			buildSettings = {
				ASSETCATALOG_COMPILER_APPICON_NAME = AppIcon;
				CODE_SIGN_STYLE = Automatic;
				DEVELOPMENT_TEAM = 99LGH8PJPD;
				INFOPLIST_FILE = TYSliderView/Info.plist;
				LD_RUNPATH_SEARCH_PATHS = (
					"$(inherited)",
					"@executable_path/Frameworks",
				);
				PRODUCT_BUNDLE_IDENTIFIER = com.TYSliderView;
				PRODUCT_NAME = "$(TARGET_NAME)";
				SWIFT_VERSION = 4.0;
				TARGETED_DEVICE_FAMILY = "1,2";
			};
			name = Debug;
		};
		60F9E18E20F8741A00E9F762 /* Release */ = {
			isa = XCBuildConfiguration;
			buildSettings = {
				ASSETCATALOG_COMPILER_APPICON_NAME = AppIcon;
				CODE_SIGN_STYLE = Automatic;
				DEVELOPMENT_TEAM = 99LGH8PJPD;
				INFOPLIST_FILE = TYSliderView/Info.plist;
				LD_RUNPATH_SEARCH_PATHS = (
					"$(inherited)",
					"@executable_path/Frameworks",
				);
				PRODUCT_BUNDLE_IDENTIFIER = com.TYSliderView;
				PRODUCT_NAME = "$(TARGET_NAME)";
				SWIFT_VERSION = 4.0;
				TARGETED_DEVICE_FAMILY = "1,2";
			};
			name = Release;
		};
/* End XCBuildConfiguration section */

/* Begin XCConfigurationList section */
		60F9E17520F8741900E9F762 /* Build configuration list for PBXProject "TYSliderView" */ = {
			isa = XCConfigurationList;
			buildConfigurations = (
				60F9E18A20F8741A00E9F762 /* Debug */,
				60F9E18B20F8741A00E9F762 /* Release */,
			);
			defaultConfigurationIsVisible = 0;
			defaultConfigurationName = Release;
		};
		60F9E18C20F8741A00E9F762 /* Build configuration list for PBXNativeTarget "TYSliderView" */ = {
			isa = XCConfigurationList;
			buildConfigurations = (
				60F9E18D20F8741A00E9F762 /* Debug */,
				60F9E18E20F8741A00E9F762 /* Release */,
			);
			defaultConfigurationIsVisible = 0;
			defaultConfigurationName = Release;
		};
/* End XCConfigurationList section */
	};
	rootObject = 60F9E17220F8741900E9F762 /* Project object */;
}
